// !$*UTF8*$!
{
	archiveVersion = 1;
	classes = {
	};
	objectVersion = 50;
	objects = {

/* Begin PBXBuildFile section */
		06924B03218A5AE4009DBF7B /* JournalEntry.swift in Sources */ = {isa = PBXBuildFile; fileRef = 06924B02218A5AE4009DBF7B /* JournalEntry.swift */; };
		06924B05218A752E009DBF7B /* RouteHandlers.swift in Sources */ = {isa = PBXBuildFile; fileRef = 06924B04218A752E009DBF7B /* RouteHandlers.swift */; };
		06924B07218B7043009DBF7B /* EntryDetailsViewController.swift in Sources */ = {isa = PBXBuildFile; fileRef = 06924B06218B7043009DBF7B /* EntryDetailsViewController.swift */; };
		06AF2A4521822BA70039A7F0 /* AppDelegate.swift in Sources */ = {isa = PBXBuildFile; fileRef = 06AF2A4421822BA70039A7F0 /* AppDelegate.swift */; };
		06AF2A4721822BA70039A7F0 /* MainScreenViewController.swift in Sources */ = {isa = PBXBuildFile; fileRef = 06AF2A4621822BA70039A7F0 /* MainScreenViewController.swift */; };
		06AF2A4A21822BA70039A7F0 /* Main.storyboard in Resources */ = {isa = PBXBuildFile; fileRef = 06AF2A4821822BA70039A7F0 /* Main.storyboard */; };
		06AF2A4C21822BA70039A7F0 /* Assets.xcassets in Resources */ = {isa = PBXBuildFile; fileRef = 06AF2A4B21822BA70039A7F0 /* Assets.xcassets */; };
		06AF2A4F21822BA70039A7F0 /* LaunchScreen.storyboard in Resources */ = {isa = PBXBuildFile; fileRef = 06AF2A4D21822BA70039A7F0 /* LaunchScreen.storyboard */; };
/* End PBXBuildFile section */

/* Begin PBXFileReference section */
		06924B02218A5AE4009DBF7B /* JournalEntry.swift */ = {isa = PBXFileReference; lastKnownFileType = sourcecode.swift; path = JournalEntry.swift; sourceTree = "<group>"; };
		06924B04218A752E009DBF7B /* RouteHandlers.swift */ = {isa = PBXFileReference; lastKnownFileType = sourcecode.swift; path = RouteHandlers.swift; sourceTree = "<group>"; };
		06924B06218B7043009DBF7B /* EntryDetailsViewController.swift */ = {isa = PBXFileReference; lastKnownFileType = sourcecode.swift; path = EntryDetailsViewController.swift; sourceTree = "<group>"; };
		06AF2A4121822BA70039A7F0 /* myJournal.app */ = {isa = PBXFileReference; explicitFileType = wrapper.application; includeInIndex = 0; path = myJournal.app; sourceTree = BUILT_PRODUCTS_DIR; };
		06AF2A4421822BA70039A7F0 /* AppDelegate.swift */ = {isa = PBXFileReference; lastKnownFileType = sourcecode.swift; path = AppDelegate.swift; sourceTree = "<group>"; };
		06AF2A4621822BA70039A7F0 /* MainScreenViewController.swift */ = {isa = PBXFileReference; lastKnownFileType = sourcecode.swift; path = MainScreenViewController.swift; sourceTree = "<group>"; };
		06AF2A4921822BA70039A7F0 /* Base */ = {isa = PBXFileReference; lastKnownFileType = file.storyboard; name = Base; path = Base.lproj/Main.storyboard; sourceTree = "<group>"; };
		06AF2A4B21822BA70039A7F0 /* Assets.xcassets */ = {isa = PBXFileReference; lastKnownFileType = folder.assetcatalog; path = Assets.xcassets; sourceTree = "<group>"; };
		06AF2A4E21822BA70039A7F0 /* Base */ = {isa = PBXFileReference; lastKnownFileType = file.storyboard; name = Base; path = Base.lproj/LaunchScreen.storyboard; sourceTree = "<group>"; };
		06AF2A5021822BA70039A7F0 /* Info.plist */ = {isa = PBXFileReference; lastKnownFileType = text.plist.xml; path = Info.plist; sourceTree = "<group>"; };
/* End PBXFileReference section */

/* Begin PBXFrameworksBuildPhase section */
		06AF2A3E21822BA70039A7F0 /* Frameworks */ = {
			isa = PBXFrameworksBuildPhase;
			buildActionMask = 2147483647;
			files = (
			);
			runOnlyForDeploymentPostprocessing = 0;
		};
/* End PBXFrameworksBuildPhase section */

/* Begin PBXGroup section */
		06AF2A3821822BA70039A7F0 = {
			isa = PBXGroup;
			children = (
				06AF2A4321822BA70039A7F0 /* myJournal */,
				06AF2A4221822BA70039A7F0 /* Products */,
			);
			sourceTree = "<group>";
		};
		06AF2A4221822BA70039A7F0 /* Products */ = {
			isa = PBXGroup;
			children = (
				06AF2A4121822BA70039A7F0 /* myJournal.app */,
			);
			name = Products;
			sourceTree = "<group>";
		};
		06AF2A4321822BA70039A7F0 /* myJournal */ = {
			isa = PBXGroup;
			children = (
				06AF2A4421822BA70039A7F0 /* AppDelegate.swift */,
				06924B02218A5AE4009DBF7B /* JournalEntry.swift */,
				06924B06218B7043009DBF7B /* EntryDetailsViewController.swift */,
				06AF2A4621822BA70039A7F0 /* MainScreenViewController.swift */,
				06924B04218A752E009DBF7B /* RouteHandlers.swift */,
				06AF2A4821822BA70039A7F0 /* Main.storyboard */,
				06AF2A4B21822BA70039A7F0 /* Assets.xcassets */,
				06AF2A4D21822BA70039A7F0 /* LaunchScreen.storyboard */,
				06AF2A5021822BA70039A7F0 /* Info.plist */,
			);
			path = myJournal;
			sourceTree = "<group>";
		};
/* End PBXGroup section */

/* Begin PBXNativeTarget section */
		06AF2A4021822BA70039A7F0 /* myJournal */ = {
			isa = PBXNativeTarget;
			buildConfigurationList = 06AF2A5321822BA70039A7F0 /* Build configuration list for PBXNativeTarget "myJournal" */;
			buildPhases = (
				06AF2A3D21822BA70039A7F0 /* Sources */,
				06AF2A3E21822BA70039A7F0 /* Frameworks */,
				06AF2A3F21822BA70039A7F0 /* Resources */,
			);
			buildRules = (
			);
			dependencies = (
			);
			name = myJournal;
			productName = myJournal;
			productReference = 06AF2A4121822BA70039A7F0 /* myJournal.app */;
			productType = "com.apple.product-type.application";
		};
/* End PBXNativeTarget section */

/* Begin PBXProject section */
		06AF2A3921822BA70039A7F0 /* Project object */ = {
			isa = PBXProject;
			attributes = {
				LastSwiftUpdateCheck = 1000;
				LastUpgradeCheck = 1000;
				ORGANIZATIONNAME = "Server Side Swift";
				TargetAttributes = {
					06AF2A4021822BA70039A7F0 = {
						CreatedOnToolsVersion = 10.0;
					};
				};
			};
			buildConfigurationList = 06AF2A3C21822BA70039A7F0 /* Build configuration list for PBXProject "myJournal" */;
			compatibilityVersion = "Xcode 9.3";
			developmentRegion = en;
			hasScannedForEncodings = 0;
			knownRegions = (
				en,
				Base,
			);
			mainGroup = 06AF2A3821822BA70039A7F0;
			productRefGroup = 06AF2A4221822BA70039A7F0 /* Products */;
			projectDirPath = "";
			projectRoot = "";
			targets = (
				06AF2A4021822BA70039A7F0 /* myJournal */,
			);
		};
/* End PBXProject section */

/* Begin PBXResourcesBuildPhase section */
		06AF2A3F21822BA70039A7F0 /* Resources */ = {
			isa = PBXResourcesBuildPhase;
			buildActionMask = 2147483647;
			files = (
				06AF2A4F21822BA70039A7F0 /* LaunchScreen.storyboard in Resources */,
				06AF2A4C21822BA70039A7F0 /* Assets.xcassets in Resources */,
				06AF2A4A21822BA70039A7F0 /* Main.storyboard in Resources */,
			);
			runOnlyForDeploymentPostprocessing = 0;
		};
/* End PBXResourcesBuildPhase section */

/* Begin PBXSourcesBuildPhase section */
		06AF2A3D21822BA70039A7F0 /* Sources */ = {
			isa = PBXSourcesBuildPhase;
			buildActionMask = 2147483647;
			files = (
				06AF2A4721822BA70039A7F0 /* MainScreenViewController.swift in Sources */,
				06AF2A4521822BA70039A7F0 /* AppDelegate.swift in Sources */,
				06924B05218A752E009DBF7B /* RouteHandlers.swift in Sources */,
				06924B03218A5AE4009DBF7B /* JournalEntry.swift in Sources */,
				06924B07218B7043009DBF7B /* EntryDetailsViewController.swift in Sources */,
			);
			runOnlyForDeploymentPostprocessing = 0;
		};
/* End PBXSourcesBuildPhase section */

/* Begin PBXVariantGroup section */
		06AF2A4821822BA70039A7F0 /* Main.storyboard */ = {
			isa = PBXVariantGroup;
			children = (
				06AF2A4921822BA70039A7F0 /* Base */,
			);
			name = Main.storyboard;
			sourceTree = "<group>";
		};
		06AF2A4D21822BA70039A7F0 /* LaunchScreen.storyboard */ = {
			isa = PBXVariantGroup;
			children = (
				06AF2A4E21822BA70039A7F0 /* Base */,
			);
			name = LaunchScreen.storyboard;
			sourceTree = "<group>";
		};
/* End PBXVariantGroup section */

/* Begin XCBuildConfiguration section */
		06AF2A5121822BA70039A7F0 /* Debug */ = {
			isa = XCBuildConfiguration;
			buildSettings = {
				ALWAYS_SEARCH_USER_PATHS = NO;
				CLANG_ANALYZER_NONNULL = YES;
				CLANG_ANALYZER_NUMBER_OBJECT_CONVERSION = YES_AGGRESSIVE;
				CLANG_CXX_LANGUAGE_STANDARD = "gnu++14";
				CLANG_CXX_LIBRARY = "libc++";
				CLANG_ENABLE_MODULES = YES;
				CLANG_ENABLE_OBJC_ARC = YES;
				CLANG_ENABLE_OBJC_WEAK = YES;
				CLANG_WARN_BLOCK_CAPTURE_AUTORELEASING = YES;
				CLANG_WARN_BOOL_CONVERSION = YES;
				CLANG_WARN_COMMA = YES;
				CLANG_WARN_CONSTANT_CONVERSION = YES;
				CLANG_WARN_DEPRECATED_OBJC_IMPLEMENTATIONS = YES;
				CLANG_WARN_DIRECT_OBJC_ISA_USAGE = YES_ERROR;
				CLANG_WARN_DOCUMENTATION_COMMENTS = YES;
				CLANG_WARN_EMPTY_BODY = YES;
				CLANG_WARN_ENUM_CONVERSION = YES;
				CLANG_WARN_INFINITE_RECURSION = YES;
				CLANG_WARN_INT_CONVERSION = YES;
				CLANG_WARN_NON_LITERAL_NULL_CONVERSION = YES;
				CLANG_WARN_OBJC_IMPLICIT_RETAIN_SELF = YES;
				CLANG_WARN_OBJC_LITERAL_CONVERSION = YES;
				CLANG_WARN_OBJC_ROOT_CLASS = YES_ERROR;
				CLANG_WARN_RANGE_LOOP_ANALYSIS = YES;
				CLANG_WARN_STRICT_PROTOTYPES = YES;
				CLANG_WARN_SUSPICIOUS_MOVE = YES;
				CLANG_WARN_UNGUARDED_AVAILABILITY = YES_AGGRESSIVE;
				CLANG_WARN_UNREACHABLE_CODE = YES;
				CLANG_WARN__DUPLICATE_METHOD_MATCH = YES;
				CODE_SIGN_IDENTITY = "iPhone Developer";
				COPY_PHASE_STRIP = NO;
				DEBUG_INFORMATION_FORMAT = dwarf;
				ENABLE_STRICT_OBJC_MSGSEND = YES;
				ENABLE_TESTABILITY = YES;
				GCC_C_LANGUAGE_STANDARD = gnu11;
				GCC_DYNAMIC_NO_PIC = NO;
				GCC_NO_COMMON_BLOCKS = YES;
				GCC_OPTIMIZATION_LEVEL = 0;
				GCC_PREPROCESSOR_DEFINITIONS = (
					"DEBUG=1",
					"$(inherited)",
				);
				GCC_WARN_64_TO_32_BIT_CONVERSION = YES;
				GCC_WARN_ABOUT_RETURN_TYPE = YES_ERROR;
				GCC_WARN_UNDECLARED_SELECTOR = YES;
				GCC_WARN_UNINITIALIZED_AUTOS = YES_AGGRESSIVE;
				GCC_WARN_UNUSED_FUNCTION = YES;
				GCC_WARN_UNUSED_VARIABLE = YES;
				IPHONEOS_DEPLOYMENT_TARGET = 12.0;
				MTL_ENABLE_DEBUG_INFO = INCLUDE_SOURCE;
				MTL_FAST_MATH = YES;
				ONLY_ACTIVE_ARCH = YES;
				SDKROOT = iphoneos;
				SWIFT_ACTIVE_COMPILATION_CONDITIONS = DEBUG;
				SWIFT_OPTIMIZATION_LEVEL = "-Onone";
			};
			name = Debug;
		};
		06AF2A5221822BA70039A7F0 /* Release */ = {
			isa = XCBuildConfiguration;
			buildSettings = {
				ALWAYS_SEARCH_USER_PATHS = NO;
				CLANG_ANALYZER_NONNULL = YES;
				CLANG_ANALYZER_NUMBER_OBJECT_CONVERSION = YES_AGGRESSIVE;
				CLANG_CXX_LANGUAGE_STANDARD = "gnu++14";
				CLANG_CXX_LIBRARY = "libc++";
				CLANG_ENABLE_MODULES = YES;
				CLANG_ENABLE_OBJC_ARC = YES;
				CLANG_ENABLE_OBJC_WEAK = YES;
				CLANG_WARN_BLOCK_CAPTURE_AUTORELEASING = YES;
				CLANG_WARN_BOOL_CONVERSION = YES;
				CLANG_WARN_COMMA = YES;
				CLANG_WARN_CONSTANT_CONVERSION = YES;
				CLANG_WARN_DEPRECATED_OBJC_IMPLEMENTATIONS = YES;
				CLANG_WARN_DIRECT_OBJC_ISA_USAGE = YES_ERROR;
				CLANG_WARN_DOCUMENTATION_COMMENTS = YES;
				CLANG_WARN_EMPTY_BODY = YES;
				CLANG_WARN_ENUM_CONVERSION = YES;
				CLANG_WARN_INFINITE_RECURSION = YES;
				CLANG_WARN_INT_CONVERSION = YES;
				CLANG_WARN_NON_LITERAL_NULL_CONVERSION = YES;
				CLANG_WARN_OBJC_IMPLICIT_RETAIN_SELF = YES;
				CLANG_WARN_OBJC_LITERAL_CONVERSION = YES;
				CLANG_WARN_OBJC_ROOT_CLASS = YES_ERROR;
				CLANG_WARN_RANGE_LOOP_ANALYSIS = YES;
				CLANG_WARN_STRICT_PROTOTYPES = YES;
				CLANG_WARN_SUSPICIOUS_MOVE = YES;
				CLANG_WARN_UNGUARDED_AVAILABILITY = YES_AGGRESSIVE;
				CLANG_WARN_UNREACHABLE_CODE = YES;
				CLANG_WARN__DUPLICATE_METHOD_MATCH = YES;
				CODE_SIGN_IDENTITY = "iPhone Developer";
				COPY_PHASE_STRIP = NO;
				DEBUG_INFORMATION_FORMAT = "dwarf-with-dsym";
				ENABLE_NS_ASSERTIONS = NO;
				ENABLE_STRICT_OBJC_MSGSEND = YES;
				GCC_C_LANGUAGE_STANDARD = gnu11;
				GCC_NO_COMMON_BLOCKS = YES;
				GCC_WARN_64_TO_32_BIT_CONVERSION = YES;
				GCC_WARN_ABOUT_RETURN_TYPE = YES_ERROR;
				GCC_WARN_UNDECLARED_SELECTOR = YES;
				GCC_WARN_UNINITIALIZED_AUTOS = YES_AGGRESSIVE;
				GCC_WARN_UNUSED_FUNCTION = YES;
				GCC_WARN_UNUSED_VARIABLE = YES;
				IPHONEOS_DEPLOYMENT_TARGET = 12.0;
				MTL_ENABLE_DEBUG_INFO = NO;
				MTL_FAST_MATH = YES;
				SDKROOT = iphoneos;
				SWIFT_COMPILATION_MODE = wholemodule;
				SWIFT_OPTIMIZATION_LEVEL = "-O";
				VALIDATE_PRODUCT = YES;
			};
			name = Release;
		};
		06AF2A5421822BA70039A7F0 /* Debug */ = {
			isa = XCBuildConfiguration;
			buildSettings = {
				ASSETCATALOG_COMPILER_APPICON_NAME = AppIcon;
				CODE_SIGN_STYLE = Automatic;
				DEVELOPMENT_TEAM = ZPLX777WRZ;
				INFOPLIST_FILE = myJournal/Info.plist;
				LD_RUNPATH_SEARCH_PATHS = (
					"$(inherited)",
					"@executable_path/Frameworks",
				);
				PRODUCT_BUNDLE_IDENTIFIER = "org.server-side-swift.myJournal";
				PRODUCT_NAME = "$(TARGET_NAME)";
				SWIFT_VERSION = 4.2;
				TARGETED_DEVICE_FAMILY = "1,2";
			};
			name = Debug;
		};
		06AF2A5521822BA70039A7F0 /* Release */ = {
			isa = XCBuildConfiguration;
			buildSettings = {
				ASSETCATALOG_COMPILER_APPICON_NAME = AppIcon;
				CODE_SIGN_STYLE = Automatic;
				DEVELOPMENT_TEAM = ZPLX777WRZ;
				INFOPLIST_FILE = myJournal/Info.plist;
				LD_RUNPATH_SEARCH_PATHS = (
					"$(inherited)",
					"@executable_path/Frameworks",
				);
				PRODUCT_BUNDLE_IDENTIFIER = "org.server-side-swift.myJournal";
				PRODUCT_NAME = "$(TARGET_NAME)";
				SWIFT_VERSION = 4.2;
				TARGETED_DEVICE_FAMILY = "1,2";
			};
			name = Release;
		};
/* End XCBuildConfiguration section */

/* Begin XCConfigurationList section */
		06AF2A3C21822BA70039A7F0 /* Build configuration list for PBXProject "myJournal" */ = {
			isa = XCConfigurationList;
			buildConfigurations = (
				06AF2A5121822BA70039A7F0 /* Debug */,
				06AF2A5221822BA70039A7F0 /* Release */,
			);
			defaultConfigurationIsVisible = 0;
			defaultConfigurationName = Release;
		};
		06AF2A5321822BA70039A7F0 /* Build configuration list for PBXNativeTarget "myJournal" */ = {
			isa = XCConfigurationList;
			buildConfigurations = (
				06AF2A5421822BA70039A7F0 /* Debug */,
				06AF2A5521822BA70039A7F0 /* Release */,
			);
			defaultConfigurationIsVisible = 0;
			defaultConfigurationName = Release;
		};
/* End XCConfigurationList section */
	};
	rootObject = 06AF2A3921822BA70039A7F0 /* Project object */;
}
